# generated by rye
# use `rye lock` or `rye sync` to update this lockfile
#
# last locked with the following flags:
#   pre: false
#   features: []
#   all-features: false
#   with-sources: false
#   generate-hashes: false
#   universal: false

-e file:.
aiohappyeyeballs==2.4.0
    # via aiohttp
aiohttp==3.10.5
    # via webrtc-tutorial
aioice==0.9.0
    # via aiortc
aiortc==1.9.0
    # via webrtc-tutorial
aiosignal==1.3.1
    # via aiohttp
annotated-types==0.7.0
    # via pydantic
anyio==4.4.0
    # via starlette
attrs==24.2.0
    # via aiohttp
av==12.3.0
    # via aiortc
bidict==0.23.1
    # via python-socketio
cffi==1.17.0
    # via aiortc
    # via cryptography
    # via pylibsrtp
click==8.1.7
    # via uvicorn
cryptography==43.0.0
    # via aiortc
    # via pyopenssl
dnspython==2.6.1
    # via aioice
fastapi==0.112.2
    # via webrtc-tutorial
frozenlist==1.4.1
    # via aiohttp
    # via aiosignal
google-crc32c==1.5.0
    # via aiortc
h11==0.14.0
    # via uvicorn
    # via wsproto
idna==3.8
    # via anyio
    # via yarl
ifaddr==0.2.0
    # via aioice
multidict==6.0.5
    # via aiohttp
    # via yarl
numpy==2.1.0
    # via opencv-python
    # via opencv-python-headless
    # via webrtc-tutorial
opencv-python==4.10.0.84
    # via webrtc-tutorial
opencv-python-headless==4.10.0.84
    # via webrtc-tutorial
pycparser==2.22
    # via cffi
pydantic==2.8.2
    # via fastapi
pydantic-core==2.20.1
    # via pydantic
pyee==11.1.0
    # via aiortc
pylibsrtp==0.10.0
    # via aiortc
pyopenssl==24.2.1
    # via aiortc
python-engineio==4.9.1
    # via python-socketio
python-socketio==5.11.3
    # via webrtc-tutorial
simple-websocket==1.0.0
    # via python-engineio
sniffio==1.3.1
    # via anyio
starlette==0.38.2
    # via fastapi
typing-extensions==4.12.2
    # via fastapi
    # via pydantic
    # via pydantic-core
    # via pyee
uvicorn==0.30.6
    # via webrtc-tutorial
wsproto==1.2.0
    # via simple-websocket
yarl==1.9.4
    # via aiohttp
